
Microsoft Visual Studio Solution File, Format Version 12.00
# Visual Studio Version 16
VisualStudioVersion = 16.0.29609.76
MinimumVisualStudioVersion = 10.0.40219.1
Project("{9A19103F-16F7-4668-BE54-9A1E7A4F7556}") = "FifthAve.Core", "FifthAve.Core\FifthAve.Core.csproj", "{E90DA3A3-8240-45B5-A21C-CF4AC152E850}"
EndProject
Project("{9A19103F-16F7-4668-BE54-9A1E7A4F7556}") = "FifthAve.Utils", "FifthAve.Utils\FifthAve.Utils.csproj", "{3135AB10-4FFA-452F-99BE-DBDEA194A140}"
EndProject
Project("{9A19103F-16F7-4668-BE54-9A1E7A4F7556}") = "FifthAve.Services", "FifthAve.Services\FifthAve.Services.csproj", "{5AAADD3F-A15D-4247-800B-3E7F373013B1}"
EndProject
Project("{9A19103F-16F7-4668-BE54-9A1E7A4F7556}") = "FifthAve.Api", "FifthAve.Api\FifthAve.Api.csproj", "{73B0AB74-39B7-4048-AE5B-52DF66F0F07F}"
EndProject
Global
	GlobalSection(SolutionConfigurationPlatforms) = preSolution
		Debug|Any CPU = Debug|Any CPU
		Release|Any CPU = Release|Any CPU
	EndGlobalSection
	GlobalSection(ProjectConfigurationPlatforms) = postSolution
		{E90DA3A3-8240-45B5-A21C-CF4AC152E850}.Debug|Any CPU.ActiveCfg = Debug|Any CPU
		{E90DA3A3-8240-45B5-A21C-CF4AC152E850}.Debug|Any CPU.Build.0 = Debug|Any CPU
		{E90DA3A3-8240-45B5-A21C-CF4AC152E850}.Release|Any CPU.ActiveCfg = Release|Any CPU
		{E90DA3A3-8240-45B5-A21C-CF4AC152E850}.Release|Any CPU.Build.0 = Release|Any CPU
		{3135AB10-4FFA-452F-99BE-DBDEA194A140}.Debug|Any CPU.ActiveCfg = Debug|Any CPU
		{3135AB10-4FFA-452F-99BE-DBDEA194A140}.Debug|Any CPU.Build.0 = Debug|Any CPU
		{3135AB10-4FFA-452F-99BE-DBDEA194A140}.Release|Any CPU.ActiveCfg = Release|Any CPU
		{3135AB10-4FFA-452F-99BE-DBDEA194A140}.Release|Any CPU.Build.0 = Release|Any CPU
		{5AAADD3F-A15D-4247-800B-3E7F373013B1}.Debug|Any CPU.ActiveCfg = Debug|Any CPU
		{5AAADD3F-A15D-4247-800B-3E7F373013B1}.Debug|Any CPU.Build.0 = Debug|Any CPU
		{5AAADD3F-A15D-4247-800B-3E7F373013B1}.Release|Any CPU.ActiveCfg = Release|Any CPU
		{5AAADD3F-A15D-4247-800B-3E7F373013B1}.Release|Any CPU.Build.0 = Release|Any CPU
		{73B0AB74-39B7-4048-AE5B-52DF66F0F07F}.Debug|Any CPU.ActiveCfg = Debug|Any CPU
		{73B0AB74-39B7-4048-AE5B-52DF66F0F07F}.Debug|Any CPU.Build.0 = Debug|Any CPU
		{73B0AB74-39B7-4048-AE5B-52DF66F0F07F}.Release|Any CPU.ActiveCfg = Release|Any CPU
		{73B0AB74-39B7-4048-AE5B-52DF66F0F07F}.Release|Any CPU.Build.0 = Release|Any CPU
	EndGlobalSection
	GlobalSection(SolutionProperties) = preSolution
		HideSolutionNode = FALSE
	EndGlobalSection
	GlobalSection(ExtensibilityGlobals) = postSolution
		SolutionGuid = {E8D53E9A-F002-4C2B-9D94-3F17F980DCD6}
	EndGlobalSection
EndGlobal
