
Microsoft Visual Studio Solution File, Format Version 12.00
# Visual Studio Version 16
VisualStudioVersion = 16.0.29609.76
MinimumVisualStudioVersion = 10.0.40219.1
Project("{9A19103F-16F7-4668-BE54-9A1E7A4F7556}") = "MySm.Api", "MySm.Api.csproj", "{54A4F9E7-DE34-4771-9418-26EF3D46E851}"
EndProject
Project("{FAE04EC0-301F-11D3-BF4B-00C04F79EFBC}") = "MySm.Repository", "..\MySm.Repository\MySm.Repository.csproj", "{471D2386-AFD1-4E8B-9646-9486B9AAF2D0}"
EndProject
Global
	GlobalSection(SolutionConfigurationPlatforms) = preSolution
		Debug|Any CPU = Debug|Any CPU
		Release|Any CPU = Release|Any CPU
	EndGlobalSection
	GlobalSection(ProjectConfigurationPlatforms) = postSolution
		{54A4F9E7-DE34-4771-9418-26EF3D46E851}.Debug|Any CPU.ActiveCfg = Debug|Any CPU
		{54A4F9E7-DE34-4771-9418-26EF3D46E851}.Debug|Any CPU.Build.0 = Debug|Any CPU
		{54A4F9E7-DE34-4771-9418-26EF3D46E851}.Release|Any CPU.ActiveCfg = Release|Any CPU
		{54A4F9E7-DE34-4771-9418-26EF3D46E851}.Release|Any CPU.Build.0 = Release|Any CPU
		{471D2386-AFD1-4E8B-9646-9486B9AAF2D0}.Debug|Any CPU.ActiveCfg = Debug|Any CPU
		{471D2386-AFD1-4E8B-9646-9486B9AAF2D0}.Debug|Any CPU.Build.0 = Debug|Any CPU
		{471D2386-AFD1-4E8B-9646-9486B9AAF2D0}.Release|Any CPU.ActiveCfg = Release|Any CPU
		{471D2386-AFD1-4E8B-9646-9486B9AAF2D0}.Release|Any CPU.Build.0 = Release|Any CPU
	EndGlobalSection
	GlobalSection(SolutionProperties) = preSolution
		HideSolutionNode = FALSE
	EndGlobalSection
	GlobalSection(ExtensibilityGlobals) = postSolution
		SolutionGuid = {1370AC64-BFD3-4A2B-B58D-B97E58A1C438}
	EndGlobalSection
EndGlobal
